// !$*UTF8*$!
{
	archiveVersion = 1;
	classes = {
	};
	objectVersion = 56;
	objects = {

/* Begin PBXBuildFile section */
		9411F3752B8AFA69005DC3A1 /* VeggieVerseApp.swift in Sources */ = {isa = PBXBuildFile; fileRef = 9411F3742B8AFA69005DC3A1 /* VeggieVerseApp.swift */; };
		9411F3772B8AFA69005DC3A1 /* ContentView.swift in Sources */ = {isa = PBXBuildFile; fileRef = 9411F3762B8AFA69005DC3A1 /* ContentView.swift */; };
		9411F3792B8AFA6D005DC3A1 /* Assets.xcassets in Resources */ = {isa = PBXBuildFile; fileRef = 9411F3782B8AFA6D005DC3A1 /* Assets.xcassets */; };
		9411F37C2B8AFA6D005DC3A1 /* Preview Assets.xcassets in Resources */ = {isa = PBXBuildFile; fileRef = 9411F37B2B8AFA6D005DC3A1 /* Preview Assets.xcassets */; };
		94205D442B8BC01600D79647 /* data.realm in Resources */ = {isa = PBXBuildFile; fileRef = 94205D432B8BC00F00D79647 /* data.realm */; };
		94205D502B8BCFF000D79647 /* LoadDataModel.swift in Sources */ = {isa = PBXBuildFile; fileRef = 94205D4F2B8BCFF000D79647 /* LoadDataModel.swift */; };
		94205D522B8BD00700D79647 /* Vegetable.swift in Sources */ = {isa = PBXBuildFile; fileRef = 94205D512B8BD00700D79647 /* Vegetable.swift */; };
		94205D542B8BD02500D79647 /* Route.swift in Sources */ = {isa = PBXBuildFile; fileRef = 94205D532B8BD02500D79647 /* Route.swift */; };
		94205D572B8BD06200D79647 /* VegetableListView.swift in Sources */ = {isa = PBXBuildFile; fileRef = 94205D562B8BD06200D79647 /* VegetableListView.swift */; };
		94205D5B2B8BD09000D79647 /* VegetableView.swift in Sources */ = {isa = PBXBuildFile; fileRef = 94205D5A2B8BD09000D79647 /* VegetableView.swift */; };
		94205D5D2B8BD25100D79647 /* AppState.swift in Sources */ = {isa = PBXBuildFile; fileRef = 94205D5C2B8BD25100D79647 /* AppState.swift */; };
		94205D5F2B8BD2FD00D79647 /* RealmManager.swift in Sources */ = {isa = PBXBuildFile; fileRef = 94205D5E2B8BD2FD00D79647 /* RealmManager.swift */; };
		B354D617A92DD730D1951E9F /* Pods_VeggieVerse.framework in Frameworks */ = {isa = PBXBuildFile; fileRef = EC5AC6B380F7B61FADC25895 /* Pods_VeggieVerse.framework */; };
/* End PBXBuildFile section */

/* Begin PBXFileReference section */
		0E24CA25A93E45CEC17AC5FD /* Pods-VeggieVerse.debug.xcconfig */ = {isa = PBXFileReference; includeInIndex = 1; lastKnownFileType = text.xcconfig; name = "Pods-VeggieVerse.debug.xcconfig"; path = "Target Support Files/Pods-VeggieVerse/Pods-VeggieVerse.debug.xcconfig"; sourceTree = "<group>"; };
		85E5387DB8727C432F753099 /* Pods-VeggieVerse.release.xcconfig */ = {isa = PBXFileReference; includeInIndex = 1; lastKnownFileType = text.xcconfig; name = "Pods-VeggieVerse.release.xcconfig"; path = "Target Support Files/Pods-VeggieVerse/Pods-VeggieVerse.release.xcconfig"; sourceTree = "<group>"; };
		9411F3712B8AFA69005DC3A1 /* VeggieVerse.app */ = {isa = PBXFileReference; explicitFileType = wrapper.application; includeInIndex = 0; path = VeggieVerse.app; sourceTree = BUILT_PRODUCTS_DIR; };
		9411F3742B8AFA69005DC3A1 /* VeggieVerseApp.swift */ = {isa = PBXFileReference; lastKnownFileType = sourcecode.swift; path = VeggieVerseApp.swift; sourceTree = "<group>"; };
		9411F3762B8AFA69005DC3A1 /* ContentView.swift */ = {isa = PBXFileReference; lastKnownFileType = sourcecode.swift; path = ContentView.swift; sourceTree = "<group>"; };
		9411F3782B8AFA6D005DC3A1 /* Assets.xcassets */ = {isa = PBXFileReference; lastKnownFileType = folder.assetcatalog; path = Assets.xcassets; sourceTree = "<group>"; };
		9411F37B2B8AFA6D005DC3A1 /* Preview Assets.xcassets */ = {isa = PBXFileReference; lastKnownFileType = folder.assetcatalog; path = "Preview Assets.xcassets"; sourceTree = "<group>"; };
		94205D432B8BC00F00D79647 /* data.realm */ = {isa = PBXFileReference; lastKnownFileType = file; path = data.realm; sourceTree = "<group>"; };
		94205D4F2B8BCFF000D79647 /* LoadDataModel.swift */ = {isa = PBXFileReference; lastKnownFileType = sourcecode.swift; path = LoadDataModel.swift; sourceTree = "<group>"; };
		94205D512B8BD00700D79647 /* Vegetable.swift */ = {isa = PBXFileReference; lastKnownFileType = sourcecode.swift; path = Vegetable.swift; sourceTree = "<group>"; };
		94205D532B8BD02500D79647 /* Route.swift */ = {isa = PBXFileReference; lastKnownFileType = sourcecode.swift; path = Route.swift; sourceTree = "<group>"; };
		94205D562B8BD06200D79647 /* VegetableListView.swift */ = {isa = PBXFileReference; lastKnownFileType = sourcecode.swift; path = VegetableListView.swift; sourceTree = "<group>"; };
		94205D5A2B8BD09000D79647 /* VegetableView.swift */ = {isa = PBXFileReference; lastKnownFileType = sourcecode.swift; path = VegetableView.swift; sourceTree = "<group>"; };
		94205D5C2B8BD25100D79647 /* AppState.swift */ = {isa = PBXFileReference; lastKnownFileType = sourcecode.swift; path = AppState.swift; sourceTree = "<group>"; };
		94205D5E2B8BD2FD00D79647 /* RealmManager.swift */ = {isa = PBXFileReference; lastKnownFileType = sourcecode.swift; path = RealmManager.swift; sourceTree = "<group>"; };
		EC5AC6B380F7B61FADC25895 /* Pods_VeggieVerse.framework */ = {isa = PBXFileReference; explicitFileType = wrapper.framework; includeInIndex = 0; path = Pods_VeggieVerse.framework; sourceTree = BUILT_PRODUCTS_DIR; };
/* End PBXFileReference section */

/* Begin PBXFrameworksBuildPhase section */
		9411F36E2B8AFA69005DC3A1 /* Frameworks */ = {
			isa = PBXFrameworksBuildPhase;
			buildActionMask = 2147483647;
			files = (
				B354D617A92DD730D1951E9F /* Pods_VeggieVerse.framework in Frameworks */,
			);
			runOnlyForDeploymentPostprocessing = 0;
		};
/* End PBXFrameworksBuildPhase section */

/* Begin PBXGroup section */
		3DF2B37AF26C7C7592AC22D6 /* Pods */ = {
			isa = PBXGroup;
			children = (
				0E24CA25A93E45CEC17AC5FD /* Pods-VeggieVerse.debug.xcconfig */,
				85E5387DB8727C432F753099 /* Pods-VeggieVerse.release.xcconfig */,
			);
			path = Pods;
			sourceTree = "<group>";
		};
		706FC1E00FF76789F239F121 /* Frameworks */ = {
			isa = PBXGroup;
			children = (
				EC5AC6B380F7B61FADC25895 /* Pods_VeggieVerse.framework */,
			);
			name = Frameworks;
			sourceTree = "<group>";
		};
		9411F3682B8AFA69005DC3A1 = {
			isa = PBXGroup;
			children = (
				94205D432B8BC00F00D79647 /* data.realm */,
				9411F3732B8AFA69005DC3A1 /* VeggieVerse */,
				9411F3722B8AFA69005DC3A1 /* Products */,
				3DF2B37AF26C7C7592AC22D6 /* Pods */,
				706FC1E00FF76789F239F121 /* Frameworks */,
			);
			sourceTree = "<group>";
		};
		9411F3722B8AFA69005DC3A1 /* Products */ = {
			isa = PBXGroup;
			children = (
				9411F3712B8AFA69005DC3A1 /* VeggieVerse.app */,
			);
			name = Products;
			sourceTree = "<group>";
		};
		9411F3732B8AFA69005DC3A1 /* VeggieVerse */ = {
			isa = PBXGroup;
			children = (
				9411F3742B8AFA69005DC3A1 /* VeggieVerseApp.swift */,
				94205D532B8BD02500D79647 /* Route.swift */,
				94205D5C2B8BD25100D79647 /* AppState.swift */,
				94205D5E2B8BD2FD00D79647 /* RealmManager.swift */,
				9411F3762B8AFA69005DC3A1 /* ContentView.swift */,
				94205D552B8BD03C00D79647 /* VegetableViews */,
				94205D452B8BC01F00D79647 /* Models */,
				9411F3782B8AFA6D005DC3A1 /* Assets.xcassets */,
				9411F37A2B8AFA6D005DC3A1 /* Preview Content */,
			);
			path = VeggieVerse;
			sourceTree = "<group>";
		};
		9411F37A2B8AFA6D005DC3A1 /* Preview Content */ = {
			isa = PBXGroup;
			children = (
				9411F37B2B8AFA6D005DC3A1 /* Preview Assets.xcassets */,
			);
			path = "Preview Content";
			sourceTree = "<group>";
		};
		94205D452B8BC01F00D79647 /* Models */ = {
			isa = PBXGroup;
			children = (
				94205D4F2B8BCFF000D79647 /* LoadDataModel.swift */,
				94205D512B8BD00700D79647 /* Vegetable.swift */,
			);
			path = Models;
			sourceTree = "<group>";
		};
		94205D552B8BD03C00D79647 /* VegetableViews */ = {
			isa = PBXGroup;
			children = (
				94205D562B8BD06200D79647 /* VegetableListView.swift */,
				94205D5A2B8BD09000D79647 /* VegetableView.swift */,
			);
			path = VegetableViews;
			sourceTree = "<group>";
		};
/* End PBXGroup section */

/* Begin PBXNativeTarget section */
		9411F3702B8AFA69005DC3A1 /* VeggieVerse */ = {
			isa = PBXNativeTarget;
			buildConfigurationList = 9411F37F2B8AFA6D005DC3A1 /* Build configuration list for PBXNativeTarget "VeggieVerse" */;
			buildPhases = (
				BD3E39B840EB73C9DE51E4CF /* [CP] Check Pods Manifest.lock */,
				9411F36D2B8AFA69005DC3A1 /* Sources */,
				9411F36E2B8AFA69005DC3A1 /* Frameworks */,
				9411F36F2B8AFA69005DC3A1 /* Resources */,
				849EAA64A29E887556926712 /* [CP] Embed Pods Frameworks */,
			);
			buildRules = (
			);
			dependencies = (
			);
			name = VeggieVerse;
			productName = VeggieVerse;
			productReference = 9411F3712B8AFA69005DC3A1 /* VeggieVerse.app */;
			productType = "com.apple.product-type.application";
		};
/* End PBXNativeTarget section */

/* Begin PBXProject section */
		9411F3692B8AFA69005DC3A1 /* Project object */ = {
			isa = PBXProject;
			attributes = {
				BuildIndependentTargetsInParallel = 1;
				LastSwiftUpdateCheck = 1400;
				LastUpgradeCheck = 1400;
				TargetAttributes = {
					9411F3702B8AFA69005DC3A1 = {
						CreatedOnToolsVersion = 14.0;
					};
				};
			};
			buildConfigurationList = 9411F36C2B8AFA69005DC3A1 /* Build configuration list for PBXProject "VeggieVerse" */;
			compatibilityVersion = "Xcode 14.0";
			developmentRegion = en;
			hasScannedForEncodings = 0;
			knownRegions = (
				en,
				Base,
			);
			mainGroup = 9411F3682B8AFA69005DC3A1;
			productRefGroup = 9411F3722B8AFA69005DC3A1 /* Products */;
			projectDirPath = "";
			projectRoot = "";
			targets = (
				9411F3702B8AFA69005DC3A1 /* VeggieVerse */,
			);
		};
/* End PBXProject section */

/* Begin PBXResourcesBuildPhase section */
		9411F36F2B8AFA69005DC3A1 /* Resources */ = {
			isa = PBXResourcesBuildPhase;
			buildActionMask = 2147483647;
			files = (
				94205D442B8BC01600D79647 /* data.realm in Resources */,
				9411F37C2B8AFA6D005DC3A1 /* Preview Assets.xcassets in Resources */,
				9411F3792B8AFA6D005DC3A1 /* Assets.xcassets in Resources */,
			);
			runOnlyForDeploymentPostprocessing = 0;
		};
/* End PBXResourcesBuildPhase section */

/* Begin PBXShellScriptBuildPhase section */
		849EAA64A29E887556926712 /* [CP] Embed Pods Frameworks */ = {
			isa = PBXShellScriptBuildPhase;
			buildActionMask = 2147483647;
			files = (
			);
			inputFileListPaths = (
				"${PODS_ROOT}/Target Support Files/Pods-VeggieVerse/Pods-VeggieVerse-frameworks-${CONFIGURATION}-input-files.xcfilelist",
			);
			name = "[CP] Embed Pods Frameworks";
			outputFileListPaths = (
				"${PODS_ROOT}/Target Support Files/Pods-VeggieVerse/Pods-VeggieVerse-frameworks-${CONFIGURATION}-output-files.xcfilelist",
			);
			runOnlyForDeploymentPostprocessing = 0;
			shellPath = /bin/sh;
			shellScript = "\"${PODS_ROOT}/Target Support Files/Pods-VeggieVerse/Pods-VeggieVerse-frameworks.sh\"\n";
			showEnvVarsInLog = 0;
		};
		BD3E39B840EB73C9DE51E4CF /* [CP] Check Pods Manifest.lock */ = {
			isa = PBXShellScriptBuildPhase;
			buildActionMask = 2147483647;
			files = (
			);
			inputFileListPaths = (
			);
			inputPaths = (
				"${PODS_PODFILE_DIR_PATH}/Podfile.lock",
				"${PODS_ROOT}/Manifest.lock",
			);
			name = "[CP] Check Pods Manifest.lock";
			outputFileListPaths = (
			);
			outputPaths = (
				"$(DERIVED_FILE_DIR)/Pods-VeggieVerse-checkManifestLockResult.txt",
			);
			runOnlyForDeploymentPostprocessing = 0;
			shellPath = /bin/sh;
			shellScript = "diff \"${PODS_PODFILE_DIR_PATH}/Podfile.lock\" \"${PODS_ROOT}/Manifest.lock\" > /dev/null\nif [ $? != 0 ] ; then\n    # print error to STDERR\n    echo \"error: The sandbox is not in sync with the Podfile.lock. Run 'pod install' or update your CocoaPods installation.\" >&2\n    exit 1\nfi\n# This output is used by Xcode 'outputs' to avoid re-running this script phase.\necho \"SUCCESS\" > \"${SCRIPT_OUTPUT_FILE_0}\"\n";
			showEnvVarsInLog = 0;
		};
/* End PBXShellScriptBuildPhase section */

/* Begin PBXSourcesBuildPhase section */
		9411F36D2B8AFA69005DC3A1 /* Sources */ = {
			isa = PBXSourcesBuildPhase;
			buildActionMask = 2147483647;
			files = (
				9411F3772B8AFA69005DC3A1 /* ContentView.swift in Sources */,
				94205D522B8BD00700D79647 /* Vegetable.swift in Sources */,
				94205D572B8BD06200D79647 /* VegetableListView.swift in Sources */,
				94205D5D2B8BD25100D79647 /* AppState.swift in Sources */,
				94205D5B2B8BD09000D79647 /* VegetableView.swift in Sources */,
				94205D5F2B8BD2FD00D79647 /* RealmManager.swift in Sources */,
				94205D502B8BCFF000D79647 /* LoadDataModel.swift in Sources */,
				94205D542B8BD02500D79647 /* Route.swift in Sources */,
				9411F3752B8AFA69005DC3A1 /* VeggieVerseApp.swift in Sources */,
			);
			runOnlyForDeploymentPostprocessing = 0;
		};
/* End PBXSourcesBuildPhase section */

/* Begin XCBuildConfiguration section */
		9411F37D2B8AFA6D005DC3A1 /* Debug */ = {
			isa = XCBuildConfiguration;
			buildSettings = {
				ALWAYS_SEARCH_USER_PATHS = NO;
				CLANG_ANALYZER_NONNULL = YES;
				CLANG_ANALYZER_NUMBER_OBJECT_CONVERSION = YES_AGGRESSIVE;
				CLANG_CXX_LANGUAGE_STANDARD = "gnu++20";
				CLANG_ENABLE_MODULES = YES;
				CLANG_ENABLE_OBJC_ARC = YES;
				CLANG_ENABLE_OBJC_WEAK = YES;
				CLANG_WARN_BLOCK_CAPTURE_AUTORELEASING = YES;
				CLANG_WARN_BOOL_CONVERSION = YES;
				CLANG_WARN_COMMA = YES;
				CLANG_WARN_CONSTANT_CONVERSION = YES;
				CLANG_WARN_DEPRECATED_OBJC_IMPLEMENTATIONS = YES;
				CLANG_WARN_DIRECT_OBJC_ISA_USAGE = YES_ERROR;
				CLANG_WARN_DOCUMENTATION_COMMENTS = YES;
				CLANG_WARN_EMPTY_BODY = YES;
				CLANG_WARN_ENUM_CONVERSION = YES;
				CLANG_WARN_INFINITE_RECURSION = YES;
				CLANG_WARN_INT_CONVERSION = YES;
				CLANG_WARN_NON_LITERAL_NULL_CONVERSION = YES;
				CLANG_WARN_OBJC_IMPLICIT_RETAIN_SELF = YES;
				CLANG_WARN_OBJC_LITERAL_CONVERSION = YES;
				CLANG_WARN_OBJC_ROOT_CLASS = YES_ERROR;
				CLANG_WARN_QUOTED_INCLUDE_IN_FRAMEWORK_HEADER = YES;
				CLANG_WARN_RANGE_LOOP_ANALYSIS = YES;
				CLANG_WARN_STRICT_PROTOTYPES = YES;
				CLANG_WARN_SUSPICIOUS_MOVE = YES;
				CLANG_WARN_UNGUARDED_AVAILABILITY = YES_AGGRESSIVE;
				CLANG_WARN_UNREACHABLE_CODE = YES;
				CLANG_WARN__DUPLICATE_METHOD_MATCH = YES;
				COPY_PHASE_STRIP = NO;
				DEBUG_INFORMATION_FORMAT = dwarf;
				ENABLE_STRICT_OBJC_MSGSEND = YES;
				ENABLE_TESTABILITY = YES;
				GCC_C_LANGUAGE_STANDARD = gnu11;
				GCC_DYNAMIC_NO_PIC = NO;
				GCC_NO_COMMON_BLOCKS = YES;
				GCC_OPTIMIZATION_LEVEL = 0;
				GCC_PREPROCESSOR_DEFINITIONS = (
					"DEBUG=1",
					"$(inherited)",
				);
				GCC_WARN_64_TO_32_BIT_CONVERSION = YES;
				GCC_WARN_ABOUT_RETURN_TYPE = YES_ERROR;
				GCC_WARN_UNDECLARED_SELECTOR = YES;
				GCC_WARN_UNINITIALIZED_AUTOS = YES_AGGRESSIVE;
				GCC_WARN_UNUSED_FUNCTION = YES;
				GCC_WARN_UNUSED_VARIABLE = YES;
				IPHONEOS_DEPLOYMENT_TARGET = 16.0;
				MTL_ENABLE_DEBUG_INFO = INCLUDE_SOURCE;
				MTL_FAST_MATH = YES;
				ONLY_ACTIVE_ARCH = YES;
				SDKROOT = iphoneos;
				SWIFT_ACTIVE_COMPILATION_CONDITIONS = DEBUG;
				SWIFT_OPTIMIZATION_LEVEL = "-Onone";
			};
			name = Debug;
		};
		9411F37E2B8AFA6D005DC3A1 /* Release */ = {
			isa = XCBuildConfiguration;
			buildSettings = {
				ALWAYS_SEARCH_USER_PATHS = NO;
				CLANG_ANALYZER_NONNULL = YES;
				CLANG_ANALYZER_NUMBER_OBJECT_CONVERSION = YES_AGGRESSIVE;
				CLANG_CXX_LANGUAGE_STANDARD = "gnu++20";
				CLANG_ENABLE_MODULES = YES;
				CLANG_ENABLE_OBJC_ARC = YES;
				CLANG_ENABLE_OBJC_WEAK = YES;
				CLANG_WARN_BLOCK_CAPTURE_AUTORELEASING = YES;
				CLANG_WARN_BOOL_CONVERSION = YES;
				CLANG_WARN_COMMA = YES;
				CLANG_WARN_CONSTANT_CONVERSION = YES;
				CLANG_WARN_DEPRECATED_OBJC_IMPLEMENTATIONS = YES;
				CLANG_WARN_DIRECT_OBJC_ISA_USAGE = YES_ERROR;
				CLANG_WARN_DOCUMENTATION_COMMENTS = YES;
				CLANG_WARN_EMPTY_BODY = YES;
				CLANG_WARN_ENUM_CONVERSION = YES;
				CLANG_WARN_INFINITE_RECURSION = YES;
				CLANG_WARN_INT_CONVERSION = YES;
				CLANG_WARN_NON_LITERAL_NULL_CONVERSION = YES;
				CLANG_WARN_OBJC_IMPLICIT_RETAIN_SELF = YES;
				CLANG_WARN_OBJC_LITERAL_CONVERSION = YES;
				CLANG_WARN_OBJC_ROOT_CLASS = YES_ERROR;
				CLANG_WARN_QUOTED_INCLUDE_IN_FRAMEWORK_HEADER = YES;
				CLANG_WARN_RANGE_LOOP_ANALYSIS = YES;
				CLANG_WARN_STRICT_PROTOTYPES = YES;
				CLANG_WARN_SUSPICIOUS_MOVE = YES;
				CLANG_WARN_UNGUARDED_AVAILABILITY = YES_AGGRESSIVE;
				CLANG_WARN_UNREACHABLE_CODE = YES;
				CLANG_WARN__DUPLICATE_METHOD_MATCH = YES;
				COPY_PHASE_STRIP = NO;
				DEBUG_INFORMATION_FORMAT = "dwarf-with-dsym";
				ENABLE_NS_ASSERTIONS = NO;
				ENABLE_STRICT_OBJC_MSGSEND = YES;
				GCC_C_LANGUAGE_STANDARD = gnu11;
				GCC_NO_COMMON_BLOCKS = YES;
				GCC_WARN_64_TO_32_BIT_CONVERSION = YES;
				GCC_WARN_ABOUT_RETURN_TYPE = YES_ERROR;
				GCC_WARN_UNDECLARED_SELECTOR = YES;
				GCC_WARN_UNINITIALIZED_AUTOS = YES_AGGRESSIVE;
				GCC_WARN_UNUSED_FUNCTION = YES;
				GCC_WARN_UNUSED_VARIABLE = YES;
				IPHONEOS_DEPLOYMENT_TARGET = 16.0;
				MTL_ENABLE_DEBUG_INFO = NO;
				MTL_FAST_MATH = YES;
				SDKROOT = iphoneos;
				SWIFT_COMPILATION_MODE = wholemodule;
				SWIFT_OPTIMIZATION_LEVEL = "-O";
				VALIDATE_PRODUCT = YES;
			};
			name = Release;
		};
		9411F3802B8AFA6D005DC3A1 /* Debug */ = {
			isa = XCBuildConfiguration;
			baseConfigurationReference = 0E24CA25A93E45CEC17AC5FD /* Pods-VeggieVerse.debug.xcconfig */;
			buildSettings = {
				ASSETCATALOG_COMPILER_APPICON_NAME = AppIcon;
				ASSETCATALOG_COMPILER_GLOBAL_ACCENT_COLOR_NAME = AccentColor;
				CODE_SIGN_STYLE = Automatic;
				CURRENT_PROJECT_VERSION = 1;
				DEVELOPMENT_ASSET_PATHS = "\"VeggieVerse/Preview Content\"";
				DEVELOPMENT_TEAM = 9UC4CG2772;
				ENABLE_PREVIEWS = YES;
				GENERATE_INFOPLIST_FILE = YES;
				INFOPLIST_KEY_UIApplicationSceneManifest_Generation = YES;
				INFOPLIST_KEY_UIApplicationSupportsIndirectInputEvents = YES;
				INFOPLIST_KEY_UILaunchScreen_Generation = YES;
				INFOPLIST_KEY_UISupportedInterfaceOrientations_iPad = "UIInterfaceOrientationPortrait UIInterfaceOrientationPortraitUpsideDown UIInterfaceOrientationLandscapeLeft UIInterfaceOrientationLandscapeRight";
				INFOPLIST_KEY_UISupportedInterfaceOrientations_iPhone = "UIInterfaceOrientationPortrait UIInterfaceOrientationLandscapeLeft UIInterfaceOrientationLandscapeRight";
				LD_RUNPATH_SEARCH_PATHS = (
					"$(inherited)",
					"@executable_path/Frameworks",
				);
				MARKETING_VERSION = 1.0;
				PRODUCT_BUNDLE_IDENTIFIER = ryweb.VeggieVerse;
				PRODUCT_NAME = "$(TARGET_NAME)";
				SWIFT_EMIT_LOC_STRINGS = YES;
				SWIFT_VERSION = 5.0;
				TARGETED_DEVICE_FAMILY = "1,2";
			};
			name = Debug;
		};
		9411F3812B8AFA6D005DC3A1 /* Release */ = {
			isa = XCBuildConfiguration;
			baseConfigurationReference = 85E5387DB8727C432F753099 /* Pods-VeggieVerse.release.xcconfig */;
			buildSettings = {
				ASSETCATALOG_COMPILER_APPICON_NAME = AppIcon;
				ASSETCATALOG_COMPILER_GLOBAL_ACCENT_COLOR_NAME = AccentColor;
				CODE_SIGN_STYLE = Automatic;
				CURRENT_PROJECT_VERSION = 1;
				DEVELOPMENT_ASSET_PATHS = "\"VeggieVerse/Preview Content\"";
				DEVELOPMENT_TEAM = 9UC4CG2772;
				ENABLE_PREVIEWS = YES;
				GENERATE_INFOPLIST_FILE = YES;
				INFOPLIST_KEY_UIApplicationSceneManifest_Generation = YES;
				INFOPLIST_KEY_UIApplicationSupportsIndirectInputEvents = YES;
				INFOPLIST_KEY_UILaunchScreen_Generation = YES;
				INFOPLIST_KEY_UISupportedInterfaceOrientations_iPad = "UIInterfaceOrientationPortrait UIInterfaceOrientationPortraitUpsideDown UIInterfaceOrientationLandscapeLeft UIInterfaceOrientationLandscapeRight";
				INFOPLIST_KEY_UISupportedInterfaceOrientations_iPhone = "UIInterfaceOrientationPortrait UIInterfaceOrientationLandscapeLeft UIInterfaceOrientationLandscapeRight";
				LD_RUNPATH_SEARCH_PATHS = (
					"$(inherited)",
					"@executable_path/Frameworks",
				);
				MARKETING_VERSION = 1.0;
				PRODUCT_BUNDLE_IDENTIFIER = ryweb.VeggieVerse;
				PRODUCT_NAME = "$(TARGET_NAME)";
				SWIFT_EMIT_LOC_STRINGS = YES;
				SWIFT_VERSION = 5.0;
				TARGETED_DEVICE_FAMILY = "1,2";
			};
			name = Release;
		};
/* End XCBuildConfiguration section */

/* Begin XCConfigurationList section */
		9411F36C2B8AFA69005DC3A1 /* Build configuration list for PBXProject "VeggieVerse" */ = {
			isa = XCConfigurationList;
			buildConfigurations = (
				9411F37D2B8AFA6D005DC3A1 /* Debug */,
				9411F37E2B8AFA6D005DC3A1 /* Release */,
			);
			defaultConfigurationIsVisible = 0;
			defaultConfigurationName = Release;
		};
		9411F37F2B8AFA6D005DC3A1 /* Build configuration list for PBXNativeTarget "VeggieVerse" */ = {
			isa = XCConfigurationList;
			buildConfigurations = (
				9411F3802B8AFA6D005DC3A1 /* Debug */,
				9411F3812B8AFA6D005DC3A1 /* Release */,
			);
			defaultConfigurationIsVisible = 0;
			defaultConfigurationName = Release;
		};
/* End XCConfigurationList section */
	};
	rootObject = 9411F3692B8AFA69005DC3A1 /* Project object */;
}
